
Microsoft Visual Studio Solution File, Format Version 12.00
# Visual Studio Version 16
VisualStudioVersion = 16.0.31105.61
MinimumVisualStudioVersion = 10.0.40219.1
Project("{FAE04EC0-301F-11D3-BF4B-00C04F79EFBC}") = "Reaction Game", "Reaction Game\Reaction Game.csproj", "{12648C93-867B-4972-BF85-77AF72FCF3A1}"
EndProject
Project("{FAE04EC0-301F-11D3-BF4B-00C04F79EFBC}") = "OOP Opgaver", "OOP Opgaver\OOP Opgaver.csproj", "{D9316658-58CE-4523-BF35-88EF2A186B06}"
EndProject
Global
	GlobalSection(SolutionConfigurationPlatforms) = preSolution
		Debug|Any CPU = Debug|Any CPU
		Release|Any CPU = Release|Any CPU
	EndGlobalSection
	GlobalSection(ProjectConfigurationPlatforms) = postSolution
		{12648C93-867B-4972-BF85-77AF72FCF3A1}.Debug|Any CPU.ActiveCfg = Debug|Any CPU
		{12648C93-867B-4972-BF85-77AF72FCF3A1}.Debug|Any CPU.Build.0 = Debug|Any CPU
		{12648C93-867B-4972-BF85-77AF72FCF3A1}.Release|Any CPU.ActiveCfg = Release|Any CPU
		{12648C93-867B-4972-BF85-77AF72FCF3A1}.Release|Any CPU.Build.0 = Release|Any CPU
		{D9316658-58CE-4523-BF35-88EF2A186B06}.Debug|Any CPU.ActiveCfg = Debug|Any CPU
		{D9316658-58CE-4523-BF35-88EF2A186B06}.Debug|Any CPU.Build.0 = Debug|Any CPU
		{D9316658-58CE-4523-BF35-88EF2A186B06}.Release|Any CPU.ActiveCfg = Release|Any CPU
		{D9316658-58CE-4523-BF35-88EF2A186B06}.Release|Any CPU.Build.0 = Release|Any CPU
	EndGlobalSection
	GlobalSection(SolutionProperties) = preSolution
		HideSolutionNode = FALSE
	EndGlobalSection
	GlobalSection(ExtensibilityGlobals) = postSolution
		SolutionGuid = {37618900-D4C3-4B15-AB36-03AADFECD6AA}
	EndGlobalSection
EndGlobal
